PODS:
  - CalculateCalendarLogic (0.1.6)
  - FSCalendar (2.7.9)
  - Realm (3.7.1):
    - Realm/Headers (= 3.7.1)
  - Realm/Headers (3.7.1)
  - RealmSwift (3.7.1):
    - Realm (= 3.7.1)

DEPENDENCIES:
  - CalculateCalendarLogic
  - FSCalendar
  - RealmSwift

SPEC REPOS:
  https://github.com/cocoapods/specs.git:
    - CalculateCalendarLogic
    - FSCalendar
    - Realm
    - RealmSwift

SPEC CHECKSUMS:
  CalculateCalendarLogic: 81b16c24e2b7273fffb03fc29d0c8d1800fd3c9e
  FSCalendar: a04b09f16f811bc92e82f3cf852a15225233b9d5
  Realm: 906be37d52f17f25484ac01643a7f26a9d3bfbd5
  RealmSwift: 1c2b6bae3dc55bb87e080ffa96537d71442f6dce

PODFILE CHECKSUM: 0a09a8d9fddfe0310b1318e508dc0e8fc37e7fd5

COCOAPODS: 1.5.2
